// !$*UTF8*$!
{
	archiveVersion = 1;
	classes = {
	};
	objectVersion = 48;
	objects = {

/* Begin PBXBuildFile section */
		5CEA5931207E450C0097B510 /* AppDelegate.swift in Sources */ = {isa = PBXBuildFile; fileRef = 5CEA5930207E450C0097B510 /* AppDelegate.swift */; };
		5CEA5933207E450C0097B510 /* ViewController.swift in Sources */ = {isa = PBXBuildFile; fileRef = 5CEA5932207E450C0097B510 /* ViewController.swift */; };
		5CEA5936207E450C0097B510 /* Main.storyboard in Resources */ = {isa = PBXBuildFile; fileRef = 5CEA5934207E450C0097B510 /* Main.storyboard */; };
		5CEA5939207E450C0097B510 /* What_sTheWeather.xcdatamodeld in Sources */ = {isa = PBXBuildFile; fileRef = 5CEA5937207E450C0097B510 /* What_sTheWeather.xcdatamodeld */; };
		5CEA593B207E450C0097B510 /* Assets.xcassets in Resources */ = {isa = PBXBuildFile; fileRef = 5CEA593A207E450C0097B510 /* Assets.xcassets */; };
		5CEA593E207E450C0097B510 /* LaunchScreen.storyboard in Resources */ = {isa = PBXBuildFile; fileRef = 5CEA593C207E450C0097B510 /* LaunchScreen.storyboard */; };
		5CEA5946207E45FE0097B510 /* mountain.jpeg in Resources */ = {isa = PBXBuildFile; fileRef = 5CEA5945207E45FE0097B510 /* mountain.jpeg */; };
/* End PBXBuildFile section */

/* Begin PBXFileReference section */
		5CEA592D207E450C0097B510 /* What'sTheWeather.app */ = {isa = PBXFileReference; explicitFileType = wrapper.application; includeInIndex = 0; path = "What'sTheWeather.app"; sourceTree = BUILT_PRODUCTS_DIR; };
		5CEA5930207E450C0097B510 /* AppDelegate.swift */ = {isa = PBXFileReference; lastKnownFileType = sourcecode.swift; path = AppDelegate.swift; sourceTree = "<group>"; };
		5CEA5932207E450C0097B510 /* ViewController.swift */ = {isa = PBXFileReference; lastKnownFileType = sourcecode.swift; path = ViewController.swift; sourceTree = "<group>"; };
		5CEA5935207E450C0097B510 /* Base */ = {isa = PBXFileReference; lastKnownFileType = file.storyboard; name = Base; path = Base.lproj/Main.storyboard; sourceTree = "<group>"; };
		5CEA5938207E450C0097B510 /* What_sTheWeather.xcdatamodel */ = {isa = PBXFileReference; lastKnownFileType = wrapper.xcdatamodel; path = What_sTheWeather.xcdatamodel; sourceTree = "<group>"; };
		5CEA593A207E450C0097B510 /* Assets.xcassets */ = {isa = PBXFileReference; lastKnownFileType = folder.assetcatalog; path = Assets.xcassets; sourceTree = "<group>"; };
		5CEA593D207E450C0097B510 /* Base */ = {isa = PBXFileReference; lastKnownFileType = file.storyboard; name = Base; path = Base.lproj/LaunchScreen.storyboard; sourceTree = "<group>"; };
		5CEA593F207E450C0097B510 /* Info.plist */ = {isa = PBXFileReference; lastKnownFileType = text.plist.xml; path = Info.plist; sourceTree = "<group>"; };
		5CEA5945207E45FE0097B510 /* mountain.jpeg */ = {isa = PBXFileReference; lastKnownFileType = image.jpeg; path = mountain.jpeg; sourceTree = "<group>"; };
/* End PBXFileReference section */

/* Begin PBXFrameworksBuildPhase section */
		5CEA592A207E450C0097B510 /* Frameworks */ = {
			isa = PBXFrameworksBuildPhase;
			buildActionMask = 2147483647;
			files = (
			);
			runOnlyForDeploymentPostprocessing = 0;
		};
/* End PBXFrameworksBuildPhase section */

/* Begin PBXGroup section */
		5CEA5924207E450C0097B510 = {
			isa = PBXGroup;
			children = (
				5CEA592F207E450C0097B510 /* What'sTheWeather */,
				5CEA592E207E450C0097B510 /* Products */,
			);
			sourceTree = "<group>";
		};
		5CEA592E207E450C0097B510 /* Products */ = {
			isa = PBXGroup;
			children = (
				5CEA592D207E450C0097B510 /* What'sTheWeather.app */,
			);
			name = Products;
			sourceTree = "<group>";
		};
		5CEA592F207E450C0097B510 /* What'sTheWeather */ = {
			isa = PBXGroup;
			children = (
				5CEA5930207E450C0097B510 /* AppDelegate.swift */,
				5CEA5932207E450C0097B510 /* ViewController.swift */,
				5CEA5934207E450C0097B510 /* Main.storyboard */,
				5CEA593A207E450C0097B510 /* Assets.xcassets */,
				5CEA5945207E45FE0097B510 /* mountain.jpeg */,
				5CEA593C207E450C0097B510 /* LaunchScreen.storyboard */,
				5CEA593F207E450C0097B510 /* Info.plist */,
				5CEA5937207E450C0097B510 /* What_sTheWeather.xcdatamodeld */,
			);
			path = "What'sTheWeather";
			sourceTree = "<group>";
		};
/* End PBXGroup section */

/* Begin PBXNativeTarget section */
		5CEA592C207E450C0097B510 /* What'sTheWeather */ = {
			isa = PBXNativeTarget;
			buildConfigurationList = 5CEA5942207E450C0097B510 /* Build configuration list for PBXNativeTarget "What'sTheWeather" */;
			buildPhases = (
				5CEA5929207E450C0097B510 /* Sources */,
				5CEA592A207E450C0097B510 /* Frameworks */,
				5CEA592B207E450C0097B510 /* Resources */,
			);
			buildRules = (
			);
			dependencies = (
			);
			name = "What'sTheWeather";
			productName = "What'sTheWeather";
			productReference = 5CEA592D207E450C0097B510 /* What'sTheWeather.app */;
			productType = "com.apple.product-type.application";
		};
/* End PBXNativeTarget section */

/* Begin PBXProject section */
		5CEA5925207E450C0097B510 /* Project object */ = {
			isa = PBXProject;
			attributes = {
				LastSwiftUpdateCheck = 0920;
				LastUpgradeCheck = 0920;
				ORGANIZATIONNAME = M4m0ut;
				TargetAttributes = {
					5CEA592C207E450C0097B510 = {
						CreatedOnToolsVersion = 9.2;
						ProvisioningStyle = Automatic;
					};
				};
			};
			buildConfigurationList = 5CEA5928207E450C0097B510 /* Build configuration list for PBXProject "What'sTheWeather" */;
			compatibilityVersion = "Xcode 8.0";
			developmentRegion = en;
			hasScannedForEncodings = 0;
			knownRegions = (
				en,
				Base,
			);
			mainGroup = 5CEA5924207E450C0097B510;
			productRefGroup = 5CEA592E207E450C0097B510 /* Products */;
			projectDirPath = "";
			projectRoot = "";
			targets = (
				5CEA592C207E450C0097B510 /* What'sTheWeather */,
			);
		};
/* End PBXProject section */

/* Begin PBXResourcesBuildPhase section */
		5CEA592B207E450C0097B510 /* Resources */ = {
			isa = PBXResourcesBuildPhase;
			buildActionMask = 2147483647;
			files = (
				5CEA5946207E45FE0097B510 /* mountain.jpeg in Resources */,
				5CEA593E207E450C0097B510 /* LaunchScreen.storyboard in Resources */,
				5CEA593B207E450C0097B510 /* Assets.xcassets in Resources */,
				5CEA5936207E450C0097B510 /* Main.storyboard in Resources */,
			);
			runOnlyForDeploymentPostprocessing = 0;
		};
/* End PBXResourcesBuildPhase section */

/* Begin PBXSourcesBuildPhase section */
		5CEA5929207E450C0097B510 /* Sources */ = {
			isa = PBXSourcesBuildPhase;
			buildActionMask = 2147483647;
			files = (
				5CEA5939207E450C0097B510 /* What_sTheWeather.xcdatamodeld in Sources */,
				5CEA5933207E450C0097B510 /* ViewController.swift in Sources */,
				5CEA5931207E450C0097B510 /* AppDelegate.swift in Sources */,
			);
			runOnlyForDeploymentPostprocessing = 0;
		};
/* End PBXSourcesBuildPhase section */

/* Begin PBXVariantGroup section */
		5CEA5934207E450C0097B510 /* Main.storyboard */ = {
			isa = PBXVariantGroup;
			children = (
				5CEA5935207E450C0097B510 /* Base */,
			);
			name = Main.storyboard;
			sourceTree = "<group>";
		};
		5CEA593C207E450C0097B510 /* LaunchScreen.storyboard */ = {
			isa = PBXVariantGroup;
			children = (
				5CEA593D207E450C0097B510 /* Base */,
			);
			name = LaunchScreen.storyboard;
			sourceTree = "<group>";
		};
/* End PBXVariantGroup section */

/* Begin XCBuildConfiguration section */
		5CEA5940207E450C0097B510 /* Debug */ = {
			isa = XCBuildConfiguration;
			buildSettings = {
				ALWAYS_SEARCH_USER_PATHS = NO;
				CLANG_ANALYZER_NONNULL = YES;
				CLANG_ANALYZER_NUMBER_OBJECT_CONVERSION = YES_AGGRESSIVE;
				CLANG_CXX_LANGUAGE_STANDARD = "gnu++14";
				CLANG_CXX_LIBRARY = "libc++";
				CLANG_ENABLE_MODULES = YES;
				CLANG_ENABLE_OBJC_ARC = YES;
				CLANG_WARN_BLOCK_CAPTURE_AUTORELEASING = YES;
				CLANG_WARN_BOOL_CONVERSION = YES;
				CLANG_WARN_COMMA = YES;
				CLANG_WARN_CONSTANT_CONVERSION = YES;
				CLANG_WARN_DIRECT_OBJC_ISA_USAGE = YES_ERROR;
				CLANG_WARN_DOCUMENTATION_COMMENTS = YES;
				CLANG_WARN_EMPTY_BODY = YES;
				CLANG_WARN_ENUM_CONVERSION = YES;
				CLANG_WARN_INFINITE_RECURSION = YES;
				CLANG_WARN_INT_CONVERSION = YES;
				CLANG_WARN_NON_LITERAL_NULL_CONVERSION = YES;
				CLANG_WARN_OBJC_LITERAL_CONVERSION = YES;
				CLANG_WARN_OBJC_ROOT_CLASS = YES_ERROR;
				CLANG_WARN_RANGE_LOOP_ANALYSIS = YES;
				CLANG_WARN_STRICT_PROTOTYPES = YES;
				CLANG_WARN_SUSPICIOUS_MOVE = YES;
				CLANG_WARN_UNGUARDED_AVAILABILITY = YES_AGGRESSIVE;
				CLANG_WARN_UNREACHABLE_CODE = YES;
				CLANG_WARN__DUPLICATE_METHOD_MATCH = YES;
				CODE_SIGN_IDENTITY = "iPhone Developer";
				COPY_PHASE_STRIP = NO;
				DEBUG_INFORMATION_FORMAT = dwarf;
				ENABLE_STRICT_OBJC_MSGSEND = YES;
				ENABLE_TESTABILITY = YES;
				GCC_C_LANGUAGE_STANDARD = gnu11;
				GCC_DYNAMIC_NO_PIC = NO;
				GCC_NO_COMMON_BLOCKS = YES;
				GCC_OPTIMIZATION_LEVEL = 0;
				GCC_PREPROCESSOR_DEFINITIONS = (
					"DEBUG=1",
					"$(inherited)",
				);
				GCC_WARN_64_TO_32_BIT_CONVERSION = YES;
				GCC_WARN_ABOUT_RETURN_TYPE = YES_ERROR;
				GCC_WARN_UNDECLARED_SELECTOR = YES;
				GCC_WARN_UNINITIALIZED_AUTOS = YES_AGGRESSIVE;
				GCC_WARN_UNUSED_FUNCTION = YES;
				GCC_WARN_UNUSED_VARIABLE = YES;
				IPHONEOS_DEPLOYMENT_TARGET = 11.2;
				MTL_ENABLE_DEBUG_INFO = YES;
				ONLY_ACTIVE_ARCH = YES;
				SDKROOT = iphoneos;
				SWIFT_ACTIVE_COMPILATION_CONDITIONS = DEBUG;
				SWIFT_OPTIMIZATION_LEVEL = "-Onone";
			};
			name = Debug;
		};
		5CEA5941207E450C0097B510 /* Release */ = {
			isa = XCBuildConfiguration;
			buildSettings = {
				ALWAYS_SEARCH_USER_PATHS = NO;
				CLANG_ANALYZER_NONNULL = YES;
				CLANG_ANALYZER_NUMBER_OBJECT_CONVERSION = YES_AGGRESSIVE;
				CLANG_CXX_LANGUAGE_STANDARD = "gnu++14";
				CLANG_CXX_LIBRARY = "libc++";
				CLANG_ENABLE_MODULES = YES;
				CLANG_ENABLE_OBJC_ARC = YES;
				CLANG_WARN_BLOCK_CAPTURE_AUTORELEASING = YES;
				CLANG_WARN_BOOL_CONVERSION = YES;
				CLANG_WARN_COMMA = YES;
				CLANG_WARN_CONSTANT_CONVERSION = YES;
				CLANG_WARN_DIRECT_OBJC_ISA_USAGE = YES_ERROR;
				CLANG_WARN_DOCUMENTATION_COMMENTS = YES;
				CLANG_WARN_EMPTY_BODY = YES;
				CLANG_WARN_ENUM_CONVERSION = YES;
				CLANG_WARN_INFINITE_RECURSION = YES;
				CLANG_WARN_INT_CONVERSION = YES;
				CLANG_WARN_NON_LITERAL_NULL_CONVERSION = YES;
				CLANG_WARN_OBJC_LITERAL_CONVERSION = YES;
				CLANG_WARN_OBJC_ROOT_CLASS = YES_ERROR;
				CLANG_WARN_RANGE_LOOP_ANALYSIS = YES;
				CLANG_WARN_STRICT_PROTOTYPES = YES;
				CLANG_WARN_SUSPICIOUS_MOVE = YES;
				CLANG_WARN_UNGUARDED_AVAILABILITY = YES_AGGRESSIVE;
				CLANG_WARN_UNREACHABLE_CODE = YES;
				CLANG_WARN__DUPLICATE_METHOD_MATCH = YES;
				CODE_SIGN_IDENTITY = "iPhone Developer";
				COPY_PHASE_STRIP = NO;
				DEBUG_INFORMATION_FORMAT = "dwarf-with-dsym";
				ENABLE_NS_ASSERTIONS = NO;
				ENABLE_STRICT_OBJC_MSGSEND = YES;
				GCC_C_LANGUAGE_STANDARD = gnu11;
				GCC_NO_COMMON_BLOCKS = YES;
				GCC_WARN_64_TO_32_BIT_CONVERSION = YES;
				GCC_WARN_ABOUT_RETURN_TYPE = YES_ERROR;
				GCC_WARN_UNDECLARED_SELECTOR = YES;
				GCC_WARN_UNINITIALIZED_AUTOS = YES_AGGRESSIVE;
				GCC_WARN_UNUSED_FUNCTION = YES;
				GCC_WARN_UNUSED_VARIABLE = YES;
				IPHONEOS_DEPLOYMENT_TARGET = 11.2;
				MTL_ENABLE_DEBUG_INFO = NO;
				SDKROOT = iphoneos;
				SWIFT_OPTIMIZATION_LEVEL = "-Owholemodule";
				VALIDATE_PRODUCT = YES;
			};
			name = Release;
		};
		5CEA5943207E450C0097B510 /* Debug */ = {
			isa = XCBuildConfiguration;
			buildSettings = {
				ASSETCATALOG_COMPILER_APPICON_NAME = AppIcon;
				CODE_SIGN_STYLE = Automatic;
				INFOPLIST_FILE = "What'sTheWeather/Info.plist";
				LD_RUNPATH_SEARCH_PATHS = "$(inherited) @executable_path/Frameworks";
				PRODUCT_BUNDLE_IDENTIFIER = "com.m4m0ut.What-sTheWeather";
				PRODUCT_NAME = "$(TARGET_NAME)";
				SWIFT_VERSION = 4.0;
				TARGETED_DEVICE_FAMILY = "1,2";
			};
			name = Debug;
		};
		5CEA5944207E450C0097B510 /* Release */ = {
			isa = XCBuildConfiguration;
			buildSettings = {
				ASSETCATALOG_COMPILER_APPICON_NAME = AppIcon;
				CODE_SIGN_STYLE = Automatic;
				INFOPLIST_FILE = "What'sTheWeather/Info.plist";
				LD_RUNPATH_SEARCH_PATHS = "$(inherited) @executable_path/Frameworks";
				PRODUCT_BUNDLE_IDENTIFIER = "com.m4m0ut.What-sTheWeather";
				PRODUCT_NAME = "$(TARGET_NAME)";
				SWIFT_VERSION = 4.0;
				TARGETED_DEVICE_FAMILY = "1,2";
			};
			name = Release;
		};
/* End XCBuildConfiguration section */

/* Begin XCConfigurationList section */
		5CEA5928207E450C0097B510 /* Build configuration list for PBXProject "What'sTheWeather" */ = {
			isa = XCConfigurationList;
			buildConfigurations = (
				5CEA5940207E450C0097B510 /* Debug */,
				5CEA5941207E450C0097B510 /* Release */,
			);
			defaultConfigurationIsVisible = 0;
			defaultConfigurationName = Release;
		};
		5CEA5942207E450C0097B510 /* Build configuration list for PBXNativeTarget "What'sTheWeather" */ = {
			isa = XCConfigurationList;
			buildConfigurations = (
				5CEA5943207E450C0097B510 /* Debug */,
				5CEA5944207E450C0097B510 /* Release */,
			);
			defaultConfigurationIsVisible = 0;
			defaultConfigurationName = Release;
		};
/* End XCConfigurationList section */

/* Begin XCVersionGroup section */
		5CEA5937207E450C0097B510 /* What_sTheWeather.xcdatamodeld */ = {
			isa = XCVersionGroup;
			children = (
				5CEA5938207E450C0097B510 /* What_sTheWeather.xcdatamodel */,
			);
			currentVersion = 5CEA5938207E450C0097B510 /* What_sTheWeather.xcdatamodel */;
			path = What_sTheWeather.xcdatamodeld;
			sourceTree = "<group>";
			versionGroupType = wrapper.xcdatamodel;
		};
/* End XCVersionGroup section */
	};
	rootObject = 5CEA5925207E450C0097B510 /* Project object */;
}
